
Microsoft Visual Studio Solution File, Format Version 12.00
# Visual Studio Version 16
VisualStudioVersion = 16.0.30309.148
MinimumVisualStudioVersion = 10.0.40219.1
Project("{FAE04EC0-301F-11D3-BF4B-00C04F79EFBC}") = "desktop-task-list", "desktop-task-list.csproj", "{29DEF8C3-96E9-448D-AAE3-2D9A001BFFDD}"
EndProject
Global
	GlobalSection(SolutionConfigurationPlatforms) = preSolution
		Debug|Any CPU = Debug|Any CPU
		Release|Any CPU = Release|Any CPU
	EndGlobalSection
	GlobalSection(ProjectConfigurationPlatforms) = postSolution
		{29DEF8C3-96E9-448D-AAE3-2D9A001BFFDD}.Debug|Any CPU.ActiveCfg = Debug|Any CPU
		{29DEF8C3-96E9-448D-AAE3-2D9A001BFFDD}.Debug|Any CPU.Build.0 = Debug|Any CPU
		{29DEF8C3-96E9-448D-AAE3-2D9A001BFFDD}.Release|Any CPU.ActiveCfg = Release|Any CPU
		{29DEF8C3-96E9-448D-AAE3-2D9A001BFFDD}.Release|Any CPU.Build.0 = Release|Any CPU
	EndGlobalSection
	GlobalSection(SolutionProperties) = preSolution
		HideSolutionNode = FALSE
	EndGlobalSection
	GlobalSection(ExtensibilityGlobals) = postSolution
		SolutionGuid = {47537304-7740-450E-8816-BA0206E7045A}
	EndGlobalSection
EndGlobal
